
Microsoft Visual Studio Solution File, Format Version 12.00
# Visual Studio Version 16
VisualStudioVersion = 16.0.30907.101
MinimumVisualStudioVersion = 10.0.40219.1
Project("{8BC9CEB8-8B4A-11D0-8D11-00A0C91BC942}") = "数据存放", "数据存放.vcxproj", "{85BFE413-42B9-49A3-80A3-502561CCC38E}"
EndProject
Global
	GlobalSection(SolutionConfigurationPlatforms) = preSolution
		Debug|x64 = Debug|x64
		Debug|x86 = Debug|x86
		Release|x64 = Release|x64
		Release|x86 = Release|x86
	EndGlobalSection
	GlobalSection(ProjectConfigurationPlatforms) = postSolution
		{85BFE413-42B9-49A3-80A3-502561CCC38E}.Debug|x64.ActiveCfg = Debug|x64
		{85BFE413-42B9-49A3-80A3-502561CCC38E}.Debug|x64.Build.0 = Debug|x64
		{85BFE413-42B9-49A3-80A3-502561CCC38E}.Debug|x86.ActiveCfg = Debug|Win32
		{85BFE413-42B9-49A3-80A3-502561CCC38E}.Debug|x86.Build.0 = Debug|Win32
		{85BFE413-42B9-49A3-80A3-502561CCC38E}.Release|x64.ActiveCfg = Release|x64
		{85BFE413-42B9-49A3-80A3-502561CCC38E}.Release|x64.Build.0 = Release|x64
		{85BFE413-42B9-49A3-80A3-502561CCC38E}.Release|x86.ActiveCfg = Release|Win32
		{85BFE413-42B9-49A3-80A3-502561CCC38E}.Release|x86.Build.0 = Release|Win32
	EndGlobalSection
	GlobalSection(SolutionProperties) = preSolution
		HideSolutionNode = FALSE
	EndGlobalSection
	GlobalSection(ExtensibilityGlobals) = postSolution
		SolutionGuid = {5AB8D81B-A67E-4382-8EF8-75FBF2F1787D}
	EndGlobalSection
EndGlobal
